dependencies:
  esp32_htu21d:
    component_hash: null
    source:
      path: A:\temp\esp32_htu21d
      type: local
    version: 1.0.0
  idf:
    component_hash: null
    source:
      type: idf
    version: 5.1.1
manifest_hash: 86e90929d64b02c21d456993210c3553123ba511bb31d99446b9c1202d01b3e0
target: esp32h2
version: 1.0.0
